
Microsoft Visual Studio Solution File, Format Version 12.00
# Visual Studio Version 17
VisualStudioVersion = 17.4.33213.308
MinimumVisualStudioVersion = 10.0.40219.1
Project("{FAE04EC0-301F-11D3-BF4B-00C04F79EFBC}") = "DataAccess", "DataAccess\DataAccess.csproj", "{D8F2AF0E-2C21-4420-B46C-1785E3BAF0B3}"
EndProject
Global
	GlobalSection(SolutionConfigurationPlatforms) = preSolution
		Debug|Any CPU = Debug|Any CPU
		Release|Any CPU = Release|Any CPU
	EndGlobalSection
	GlobalSection(ProjectConfigurationPlatforms) = postSolution
		{D8F2AF0E-2C21-4420-B46C-1785E3BAF0B3}.Debug|Any CPU.ActiveCfg = Debug|Any CPU
		{D8F2AF0E-2C21-4420-B46C-1785E3BAF0B3}.Debug|Any CPU.Build.0 = Debug|Any CPU
		{D8F2AF0E-2C21-4420-B46C-1785E3BAF0B3}.Release|Any CPU.ActiveCfg = Release|Any CPU
		{D8F2AF0E-2C21-4420-B46C-1785E3BAF0B3}.Release|Any CPU.Build.0 = Release|Any CPU
	EndGlobalSection
	GlobalSection(SolutionProperties) = preSolution
		HideSolutionNode = FALSE
	EndGlobalSection
	GlobalSection(ExtensibilityGlobals) = postSolution
		SolutionGuid = {0F9479E3-C9D4-42AF-B58C-557953B10D34}
	EndGlobalSection
EndGlobal
